# This file is automatically @generated by Wally.
# It is not intended for manual editing.
registry = "test"

[[package]]
name = "egomoose/gravity-camera"
version = "608.1.6080485"
dependencies = [["PlayerModule", "upliftgames/playermodule@608.1.6080485"]]

[[package]]
name = "upliftgames/playermodule"
version = "608.1.6080485"
dependencies = []
