# This file is automatically @generated by Wally.
# It is not intended for manual editing.
registry = "test"

[[package]]
name = "egomoose/gravity-camera"
version = "654.1.6540477"
dependencies = [["PlayerModule", "upliftgames/playermodule@654.1.6540477"]]

[[package]]
name = "upliftgames/playermodule"
version = "654.1.6540477"
dependencies = []
